// !$*UTF8*$!
{
	archiveVersion = 1;
	classes = {
	};
	objectVersion = 55;
	objects = {

/* Begin PBXBuildFile section */
		457D17C80364F04274A7DCCF /* Pods_MySmartWatchTests.framework in Frameworks */ = {isa = PBXBuildFile; fileRef = 4576F264734033CA57D6BEDC /* Pods_MySmartWatchTests.framework */; };
		54DDDFC027AA683E00AF7248 /* AppDelegate.swift in Sources */ = {isa = PBXBuildFile; fileRef = 54DDDFBF27AA683E00AF7248 /* AppDelegate.swift */; };
		54DDDFC227AA683E00AF7248 /* SceneDelegate.swift in Sources */ = {isa = PBXBuildFile; fileRef = 54DDDFC127AA683E00AF7248 /* SceneDelegate.swift */; };
		54DDDFC427AA683E00AF7248 /* ViewController.swift in Sources */ = {isa = PBXBuildFile; fileRef = 54DDDFC327AA683E00AF7248 /* ViewController.swift */; };
		54DDDFC727AA683E00AF7248 /* Main.storyboard in Resources */ = {isa = PBXBuildFile; fileRef = 54DDDFC527AA683E00AF7248 /* Main.storyboard */; };
		54DDDFC927AA684200AF7248 /* Assets.xcassets in Resources */ = {isa = PBXBuildFile; fileRef = 54DDDFC827AA684200AF7248 /* Assets.xcassets */; };
		54DDDFCC27AA684200AF7248 /* LaunchScreen.storyboard in Resources */ = {isa = PBXBuildFile; fileRef = 54DDDFCA27AA684200AF7248 /* LaunchScreen.storyboard */; };
		54DDDFD727AA684200AF7248 /* MySmartWatchTests.swift in Sources */ = {isa = PBXBuildFile; fileRef = 54DDDFD627AA684200AF7248 /* MySmartWatchTests.swift */; };
		54DDDFE127AA684200AF7248 /* MySmartWatchUITests.swift in Sources */ = {isa = PBXBuildFile; fileRef = 54DDDFE027AA684200AF7248 /* MySmartWatchUITests.swift */; };
		54DDDFE327AA684200AF7248 /* MySmartWatchUITestsLaunchTests.swift in Sources */ = {isa = PBXBuildFile; fileRef = 54DDDFE227AA684200AF7248 /* MySmartWatchUITestsLaunchTests.swift */; };
		54DDDFF027AA8C8800AF7248 /* ScanViewController.swift in Sources */ = {isa = PBXBuildFile; fileRef = 54DDDFEF27AA8C8700AF7248 /* ScanViewController.swift */; };
		54DDDFF427AAA15B00AF7248 /* Constants.swift in Sources */ = {isa = PBXBuildFile; fileRef = 54DDDFF327AAA15B00AF7248 /* Constants.swift */; };
		54DDDFF627AAA29900AF7248 /* BehaviorRelayExtension.swift in Sources */ = {isa = PBXBuildFile; fileRef = 54DDDFF527AAA29900AF7248 /* BehaviorRelayExtension.swift */; };
		54DDDFF927AB1E8600AF7248 /* HeartRatePeripheral.swift in Sources */ = {isa = PBXBuildFile; fileRef = 54DDDFF827AB1E8600AF7248 /* HeartRatePeripheral.swift */; };
		54DDDFFC27AB1F5F00AF7248 /* PeripheralViewCell.swift in Sources */ = {isa = PBXBuildFile; fileRef = 54DDDFFB27AB1F5F00AF7248 /* PeripheralViewCell.swift */; };
		54DDDFFE27AB1F8E00AF7248 /* UIColor+HexValue.swift in Sources */ = {isa = PBXBuildFile; fileRef = 54DDDFFD27AB1F8E00AF7248 /* UIColor+HexValue.swift */; };
		54DDE00527B3D04600AF7248 /* ScannerViewModel.swift in Sources */ = {isa = PBXBuildFile; fileRef = 54DDE00427B3D04600AF7248 /* ScannerViewModel.swift */; };
		63AAF31F9084F9ED68FD8883 /* Pods_MySmartWatch_MySmartWatchUITests.framework in Frameworks */ = {isa = PBXBuildFile; fileRef = C156F2257671B82A7AAA4E6B /* Pods_MySmartWatch_MySmartWatchUITests.framework */; };
		F72E79949895871269476CA5 /* Pods_MySmartWatch.framework in Frameworks */ = {isa = PBXBuildFile; fileRef = 2C4015C60A76984EB95EBDAE /* Pods_MySmartWatch.framework */; };
/* End PBXBuildFile section */

/* Begin PBXContainerItemProxy section */
		54DDDFD327AA684200AF7248 /* PBXContainerItemProxy */ = {
			isa = PBXContainerItemProxy;
			containerPortal = 54DDDFB427AA683E00AF7248 /* Project object */;
			proxyType = 1;
			remoteGlobalIDString = 54DDDFBB27AA683E00AF7248;
			remoteInfo = MySmartWatch;
		};
		54DDDFDD27AA684200AF7248 /* PBXContainerItemProxy */ = {
			isa = PBXContainerItemProxy;
			containerPortal = 54DDDFB427AA683E00AF7248 /* Project object */;
			proxyType = 1;
			remoteGlobalIDString = 54DDDFBB27AA683E00AF7248;
			remoteInfo = MySmartWatch;
		};
/* End PBXContainerItemProxy section */

/* Begin PBXFileReference section */
		2165288A65516C7DB00C2D7D /* Pods-MySmartWatch.release.xcconfig */ = {isa = PBXFileReference; includeInIndex = 1; lastKnownFileType = text.xcconfig; name = "Pods-MySmartWatch.release.xcconfig"; path = "Target Support Files/Pods-MySmartWatch/Pods-MySmartWatch.release.xcconfig"; sourceTree = "<group>"; };
		2C4015C60A76984EB95EBDAE /* Pods_MySmartWatch.framework */ = {isa = PBXFileReference; explicitFileType = wrapper.framework; includeInIndex = 0; path = Pods_MySmartWatch.framework; sourceTree = BUILT_PRODUCTS_DIR; };
		4576F264734033CA57D6BEDC /* Pods_MySmartWatchTests.framework */ = {isa = PBXFileReference; explicitFileType = wrapper.framework; includeInIndex = 0; path = Pods_MySmartWatchTests.framework; sourceTree = BUILT_PRODUCTS_DIR; };
		54DDDFBC27AA683E00AF7248 /* MySmartWatch.app */ = {isa = PBXFileReference; explicitFileType = wrapper.application; includeInIndex = 0; path = MySmartWatch.app; sourceTree = BUILT_PRODUCTS_DIR; };
		54DDDFBF27AA683E00AF7248 /* AppDelegate.swift */ = {isa = PBXFileReference; lastKnownFileType = sourcecode.swift; path = AppDelegate.swift; sourceTree = "<group>"; };
		54DDDFC127AA683E00AF7248 /* SceneDelegate.swift */ = {isa = PBXFileReference; lastKnownFileType = sourcecode.swift; path = SceneDelegate.swift; sourceTree = "<group>"; };
		54DDDFC327AA683E00AF7248 /* ViewController.swift */ = {isa = PBXFileReference; lastKnownFileType = sourcecode.swift; path = ViewController.swift; sourceTree = "<group>"; };
		54DDDFC627AA683E00AF7248 /* Base */ = {isa = PBXFileReference; lastKnownFileType = file.storyboard; name = Base; path = Base.lproj/Main.storyboard; sourceTree = "<group>"; };
		54DDDFC827AA684200AF7248 /* Assets.xcassets */ = {isa = PBXFileReference; lastKnownFileType = folder.assetcatalog; path = Assets.xcassets; sourceTree = "<group>"; };
		54DDDFCB27AA684200AF7248 /* Base */ = {isa = PBXFileReference; lastKnownFileType = file.storyboard; name = Base; path = Base.lproj/LaunchScreen.storyboard; sourceTree = "<group>"; };
		54DDDFCD27AA684200AF7248 /* Info.plist */ = {isa = PBXFileReference; lastKnownFileType = text.plist.xml; path = Info.plist; sourceTree = "<group>"; };
		54DDDFD227AA684200AF7248 /* MySmartWatchTests.xctest */ = {isa = PBXFileReference; explicitFileType = wrapper.cfbundle; includeInIndex = 0; path = MySmartWatchTests.xctest; sourceTree = BUILT_PRODUCTS_DIR; };
		54DDDFD627AA684200AF7248 /* MySmartWatchTests.swift */ = {isa = PBXFileReference; lastKnownFileType = sourcecode.swift; path = MySmartWatchTests.swift; sourceTree = "<group>"; };
		54DDDFDC27AA684200AF7248 /* MySmartWatchUITests.xctest */ = {isa = PBXFileReference; explicitFileType = wrapper.cfbundle; includeInIndex = 0; path = MySmartWatchUITests.xctest; sourceTree = BUILT_PRODUCTS_DIR; };
		54DDDFE027AA684200AF7248 /* MySmartWatchUITests.swift */ = {isa = PBXFileReference; lastKnownFileType = sourcecode.swift; path = MySmartWatchUITests.swift; sourceTree = "<group>"; };
		54DDDFE227AA684200AF7248 /* MySmartWatchUITestsLaunchTests.swift */ = {isa = PBXFileReference; lastKnownFileType = sourcecode.swift; path = MySmartWatchUITestsLaunchTests.swift; sourceTree = "<group>"; };
		54DDDFEF27AA8C8700AF7248 /* ScanViewController.swift */ = {isa = PBXFileReference; lastKnownFileType = sourcecode.swift; path = ScanViewController.swift; sourceTree = "<group>"; };
		54DDDFF327AAA15B00AF7248 /* Constants.swift */ = {isa = PBXFileReference; lastKnownFileType = sourcecode.swift; path = Constants.swift; sourceTree = "<group>"; };
		54DDDFF527AAA29900AF7248 /* BehaviorRelayExtension.swift */ = {isa = PBXFileReference; lastKnownFileType = sourcecode.swift; path = BehaviorRelayExtension.swift; sourceTree = "<group>"; };
		54DDDFF827AB1E8600AF7248 /* HeartRatePeripheral.swift */ = {isa = PBXFileReference; lastKnownFileType = sourcecode.swift; path = HeartRatePeripheral.swift; sourceTree = "<group>"; };
		54DDDFFB27AB1F5F00AF7248 /* PeripheralViewCell.swift */ = {isa = PBXFileReference; lastKnownFileType = sourcecode.swift; path = PeripheralViewCell.swift; sourceTree = "<group>"; };
		54DDDFFD27AB1F8E00AF7248 /* UIColor+HexValue.swift */ = {isa = PBXFileReference; lastKnownFileType = sourcecode.swift; path = "UIColor+HexValue.swift"; sourceTree = "<group>"; };
		54DDE00427B3D04600AF7248 /* ScannerViewModel.swift */ = {isa = PBXFileReference; lastKnownFileType = sourcecode.swift; path = ScannerViewModel.swift; sourceTree = "<group>"; };
		59F72B2846C76CD3814C648D /* Pods-MySmartWatchTests.debug.xcconfig */ = {isa = PBXFileReference; includeInIndex = 1; lastKnownFileType = text.xcconfig; name = "Pods-MySmartWatchTests.debug.xcconfig"; path = "Target Support Files/Pods-MySmartWatchTests/Pods-MySmartWatchTests.debug.xcconfig"; sourceTree = "<group>"; };
		A72D5412BF3C1760F605C5D8 /* Pods-MySmartWatch-MySmartWatchUITests.debug.xcconfig */ = {isa = PBXFileReference; includeInIndex = 1; lastKnownFileType = text.xcconfig; name = "Pods-MySmartWatch-MySmartWatchUITests.debug.xcconfig"; path = "Target Support Files/Pods-MySmartWatch-MySmartWatchUITests/Pods-MySmartWatch-MySmartWatchUITests.debug.xcconfig"; sourceTree = "<group>"; };
		B6A0E3863C87AEAD071D62CB /* Pods-MySmartWatch.debug.xcconfig */ = {isa = PBXFileReference; includeInIndex = 1; lastKnownFileType = text.xcconfig; name = "Pods-MySmartWatch.debug.xcconfig"; path = "Target Support Files/Pods-MySmartWatch/Pods-MySmartWatch.debug.xcconfig"; sourceTree = "<group>"; };
		C156F2257671B82A7AAA4E6B /* Pods_MySmartWatch_MySmartWatchUITests.framework */ = {isa = PBXFileReference; explicitFileType = wrapper.framework; includeInIndex = 0; path = Pods_MySmartWatch_MySmartWatchUITests.framework; sourceTree = BUILT_PRODUCTS_DIR; };
		C2D58A11BCD1C471FDBD2030 /* Pods-MySmartWatch-MySmartWatchUITests.release.xcconfig */ = {isa = PBXFileReference; includeInIndex = 1; lastKnownFileType = text.xcconfig; name = "Pods-MySmartWatch-MySmartWatchUITests.release.xcconfig"; path = "Target Support Files/Pods-MySmartWatch-MySmartWatchUITests/Pods-MySmartWatch-MySmartWatchUITests.release.xcconfig"; sourceTree = "<group>"; };
		E32211FD4D3E86F42694715D /* Pods-MySmartWatchTests.release.xcconfig */ = {isa = PBXFileReference; includeInIndex = 1; lastKnownFileType = text.xcconfig; name = "Pods-MySmartWatchTests.release.xcconfig"; path = "Target Support Files/Pods-MySmartWatchTests/Pods-MySmartWatchTests.release.xcconfig"; sourceTree = "<group>"; };
/* End PBXFileReference section */

/* Begin PBXFrameworksBuildPhase section */
		54DDDFB927AA683E00AF7248 /* Frameworks */ = {
			isa = PBXFrameworksBuildPhase;
			buildActionMask = 2147483647;
			files = (
				F72E79949895871269476CA5 /* Pods_MySmartWatch.framework in Frameworks */,
			);
			runOnlyForDeploymentPostprocessing = 0;
		};
		54DDDFCF27AA684200AF7248 /* Frameworks */ = {
			isa = PBXFrameworksBuildPhase;
			buildActionMask = 2147483647;
			files = (
				457D17C80364F04274A7DCCF /* Pods_MySmartWatchTests.framework in Frameworks */,
			);
			runOnlyForDeploymentPostprocessing = 0;
		};
		54DDDFD927AA684200AF7248 /* Frameworks */ = {
			isa = PBXFrameworksBuildPhase;
			buildActionMask = 2147483647;
			files = (
				63AAF31F9084F9ED68FD8883 /* Pods_MySmartWatch_MySmartWatchUITests.framework in Frameworks */,
			);
			runOnlyForDeploymentPostprocessing = 0;
		};
/* End PBXFrameworksBuildPhase section */

/* Begin PBXGroup section */
		54DDDFB327AA683E00AF7248 = {
			isa = PBXGroup;
			children = (
				54DDDFBE27AA683E00AF7248 /* MySmartWatch */,
				54DDDFD527AA684200AF7248 /* MySmartWatchTests */,
				54DDDFDF27AA684200AF7248 /* MySmartWatchUITests */,
				54DDDFBD27AA683E00AF7248 /* Products */,
				D730D37668248D2473AA91D2 /* Pods */,
				54E6F321D275AE8974CA0A1D /* Frameworks */,
			);
			sourceTree = "<group>";
		};
		54DDDFBD27AA683E00AF7248 /* Products */ = {
			isa = PBXGroup;
			children = (
				54DDDFBC27AA683E00AF7248 /* MySmartWatch.app */,
				54DDDFD227AA684200AF7248 /* MySmartWatchTests.xctest */,
				54DDDFDC27AA684200AF7248 /* MySmartWatchUITests.xctest */,
			);
			name = Products;
			sourceTree = "<group>";
		};
		54DDDFBE27AA683E00AF7248 /* MySmartWatch */ = {
			isa = PBXGroup;
			children = (
				54DDE00327B3CFDF00AF7248 /* ViewModels */,
				54DDDFFA27AB1F4B00AF7248 /* Views */,
				54DDDFF727AB1E5900AF7248 /* Models */,
				54DDDFF227AAA13600AF7248 /* Helpers */,
				54DDDFF127AAA12000AF7248 /* Controllers */,
				54DDDFBF27AA683E00AF7248 /* AppDelegate.swift */,
				54DDDFC127AA683E00AF7248 /* SceneDelegate.swift */,
				54DDDFC327AA683E00AF7248 /* ViewController.swift */,
				54DDDFC527AA683E00AF7248 /* Main.storyboard */,
				54DDDFC827AA684200AF7248 /* Assets.xcassets */,
				54DDDFCA27AA684200AF7248 /* LaunchScreen.storyboard */,
				54DDDFCD27AA684200AF7248 /* Info.plist */,
			);
			path = MySmartWatch;
			sourceTree = "<group>";
		};
		54DDDFD527AA684200AF7248 /* MySmartWatchTests */ = {
			isa = PBXGroup;
			children = (
				54DDDFD627AA684200AF7248 /* MySmartWatchTests.swift */,
			);
			path = MySmartWatchTests;
			sourceTree = "<group>";
		};
		54DDDFDF27AA684200AF7248 /* MySmartWatchUITests */ = {
			isa = PBXGroup;
			children = (
				54DDDFE027AA684200AF7248 /* MySmartWatchUITests.swift */,
				54DDDFE227AA684200AF7248 /* MySmartWatchUITestsLaunchTests.swift */,
			);
			path = MySmartWatchUITests;
			sourceTree = "<group>";
		};
		54DDDFF127AAA12000AF7248 /* Controllers */ = {
			isa = PBXGroup;
			children = (
				54DDDFEF27AA8C8700AF7248 /* ScanViewController.swift */,
			);
			path = Controllers;
			sourceTree = "<group>";
		};
		54DDDFF227AAA13600AF7248 /* Helpers */ = {
			isa = PBXGroup;
			children = (
				54DDDFF327AAA15B00AF7248 /* Constants.swift */,
				54DDDFF527AAA29900AF7248 /* BehaviorRelayExtension.swift */,
				54DDDFFD27AB1F8E00AF7248 /* UIColor+HexValue.swift */,
			);
			path = Helpers;
			sourceTree = "<group>";
		};
		54DDDFF727AB1E5900AF7248 /* Models */ = {
			isa = PBXGroup;
			children = (
				54DDDFF827AB1E8600AF7248 /* HeartRatePeripheral.swift */,
			);
			path = Models;
			sourceTree = "<group>";
		};
		54DDDFFA27AB1F4B00AF7248 /* Views */ = {
			isa = PBXGroup;
			children = (
				54DDDFFB27AB1F5F00AF7248 /* PeripheralViewCell.swift */,
			);
			path = Views;
			sourceTree = "<group>";
		};
		54DDE00327B3CFDF00AF7248 /* ViewModels */ = {
			isa = PBXGroup;
			children = (
				54DDE00427B3D04600AF7248 /* ScannerViewModel.swift */,
			);
			path = ViewModels;
			sourceTree = "<group>";
		};
		54E6F321D275AE8974CA0A1D /* Frameworks */ = {
			isa = PBXGroup;
			children = (
				2C4015C60A76984EB95EBDAE /* Pods_MySmartWatch.framework */,
				C156F2257671B82A7AAA4E6B /* Pods_MySmartWatch_MySmartWatchUITests.framework */,
				4576F264734033CA57D6BEDC /* Pods_MySmartWatchTests.framework */,
			);
			name = Frameworks;
			sourceTree = "<group>";
		};
		D730D37668248D2473AA91D2 /* Pods */ = {
			isa = PBXGroup;
			children = (
				B6A0E3863C87AEAD071D62CB /* Pods-MySmartWatch.debug.xcconfig */,
				2165288A65516C7DB00C2D7D /* Pods-MySmartWatch.release.xcconfig */,
				A72D5412BF3C1760F605C5D8 /* Pods-MySmartWatch-MySmartWatchUITests.debug.xcconfig */,
				C2D58A11BCD1C471FDBD2030 /* Pods-MySmartWatch-MySmartWatchUITests.release.xcconfig */,
				59F72B2846C76CD3814C648D /* Pods-MySmartWatchTests.debug.xcconfig */,
				E32211FD4D3E86F42694715D /* Pods-MySmartWatchTests.release.xcconfig */,
			);
			path = Pods;
			sourceTree = "<group>";
		};
/* End PBXGroup section */

/* Begin PBXNativeTarget section */
		54DDDFBB27AA683E00AF7248 /* MySmartWatch */ = {
			isa = PBXNativeTarget;
			buildConfigurationList = 54DDDFE627AA684200AF7248 /* Build configuration list for PBXNativeTarget "MySmartWatch" */;
			buildPhases = (
				4B6C5A4D87E187CFAF5807ED /* [CP] Check Pods Manifest.lock */,
				54DDDFB827AA683E00AF7248 /* Sources */,
				54DDDFB927AA683E00AF7248 /* Frameworks */,
				54DDDFBA27AA683E00AF7248 /* Resources */,
				2D29C1EE883417A009FDCD7F /* [CP] Embed Pods Frameworks */,
			);
			buildRules = (
			);
			dependencies = (
			);
			name = MySmartWatch;
			productName = MySmartWatch;
			productReference = 54DDDFBC27AA683E00AF7248 /* MySmartWatch.app */;
			productType = "com.apple.product-type.application";
		};
		54DDDFD127AA684200AF7248 /* MySmartWatchTests */ = {
			isa = PBXNativeTarget;
			buildConfigurationList = 54DDDFE927AA684200AF7248 /* Build configuration list for PBXNativeTarget "MySmartWatchTests" */;
			buildPhases = (
				488C5B1C595B7760F8EEA041 /* [CP] Check Pods Manifest.lock */,
				54DDDFCE27AA684200AF7248 /* Sources */,
				54DDDFCF27AA684200AF7248 /* Frameworks */,
				54DDDFD027AA684200AF7248 /* Resources */,
			);
			buildRules = (
			);
			dependencies = (
				54DDDFD427AA684200AF7248 /* PBXTargetDependency */,
			);
			name = MySmartWatchTests;
			productName = MySmartWatchTests;
			productReference = 54DDDFD227AA684200AF7248 /* MySmartWatchTests.xctest */;
			productType = "com.apple.product-type.bundle.unit-test";
		};
		54DDDFDB27AA684200AF7248 /* MySmartWatchUITests */ = {
			isa = PBXNativeTarget;
			buildConfigurationList = 54DDDFEC27AA684200AF7248 /* Build configuration list for PBXNativeTarget "MySmartWatchUITests" */;
			buildPhases = (
				9915EFDB40FB1806E73D08B5 /* [CP] Check Pods Manifest.lock */,
				54DDDFD827AA684200AF7248 /* Sources */,
				54DDDFD927AA684200AF7248 /* Frameworks */,
				54DDDFDA27AA684200AF7248 /* Resources */,
				0F199C3663D06B2D878938F7 /* [CP] Embed Pods Frameworks */,
			);
			buildRules = (
			);
			dependencies = (
				54DDDFDE27AA684200AF7248 /* PBXTargetDependency */,
			);
			name = MySmartWatchUITests;
			productName = MySmartWatchUITests;
			productReference = 54DDDFDC27AA684200AF7248 /* MySmartWatchUITests.xctest */;
			productType = "com.apple.product-type.bundle.ui-testing";
		};
/* End PBXNativeTarget section */

/* Begin PBXProject section */
		54DDDFB427AA683E00AF7248 /* Project object */ = {
			isa = PBXProject;
			attributes = {
				BuildIndependentTargetsInParallel = 1;
				LastSwiftUpdateCheck = 1320;
				LastUpgradeCheck = 1320;
				TargetAttributes = {
					54DDDFBB27AA683E00AF7248 = {
						CreatedOnToolsVersion = 13.2;
					};
					54DDDFD127AA684200AF7248 = {
						CreatedOnToolsVersion = 13.2;
						TestTargetID = 54DDDFBB27AA683E00AF7248;
					};
					54DDDFDB27AA684200AF7248 = {
						CreatedOnToolsVersion = 13.2;
						TestTargetID = 54DDDFBB27AA683E00AF7248;
					};
				};
			};
			buildConfigurationList = 54DDDFB727AA683E00AF7248 /* Build configuration list for PBXProject "MySmartWatch" */;
			compatibilityVersion = "Xcode 13.0";
			developmentRegion = en;
			hasScannedForEncodings = 0;
			knownRegions = (
				en,
				Base,
			);
			mainGroup = 54DDDFB327AA683E00AF7248;
			productRefGroup = 54DDDFBD27AA683E00AF7248 /* Products */;
			projectDirPath = "";
			projectRoot = "";
			targets = (
				54DDDFBB27AA683E00AF7248 /* MySmartWatch */,
				54DDDFD127AA684200AF7248 /* MySmartWatchTests */,
				54DDDFDB27AA684200AF7248 /* MySmartWatchUITests */,
			);
		};
/* End PBXProject section */

/* Begin PBXResourcesBuildPhase section */
		54DDDFBA27AA683E00AF7248 /* Resources */ = {
			isa = PBXResourcesBuildPhase;
			buildActionMask = 2147483647;
			files = (
				54DDDFCC27AA684200AF7248 /* LaunchScreen.storyboard in Resources */,
				54DDDFC927AA684200AF7248 /* Assets.xcassets in Resources */,
				54DDDFC727AA683E00AF7248 /* Main.storyboard in Resources */,
			);
			runOnlyForDeploymentPostprocessing = 0;
		};
		54DDDFD027AA684200AF7248 /* Resources */ = {
			isa = PBXResourcesBuildPhase;
			buildActionMask = 2147483647;
			files = (
			);
			runOnlyForDeploymentPostprocessing = 0;
		};
		54DDDFDA27AA684200AF7248 /* Resources */ = {
			isa = PBXResourcesBuildPhase;
			buildActionMask = 2147483647;
			files = (
			);
			runOnlyForDeploymentPostprocessing = 0;
		};
/* End PBXResourcesBuildPhase section */

/* Begin PBXShellScriptBuildPhase section */
		0F199C3663D06B2D878938F7 /* [CP] Embed Pods Frameworks */ = {
			isa = PBXShellScriptBuildPhase;
			buildActionMask = 2147483647;
			files = (
			);
			inputFileListPaths = (
				"${PODS_ROOT}/Target Support Files/Pods-MySmartWatch-MySmartWatchUITests/Pods-MySmartWatch-MySmartWatchUITests-frameworks-${CONFIGURATION}-input-files.xcfilelist",
			);
			name = "[CP] Embed Pods Frameworks";
			outputFileListPaths = (
				"${PODS_ROOT}/Target Support Files/Pods-MySmartWatch-MySmartWatchUITests/Pods-MySmartWatch-MySmartWatchUITests-frameworks-${CONFIGURATION}-output-files.xcfilelist",
			);
			runOnlyForDeploymentPostprocessing = 0;
			shellPath = /bin/sh;
			shellScript = "\"${PODS_ROOT}/Target Support Files/Pods-MySmartWatch-MySmartWatchUITests/Pods-MySmartWatch-MySmartWatchUITests-frameworks.sh\"\n";
			showEnvVarsInLog = 0;
		};
		2D29C1EE883417A009FDCD7F /* [CP] Embed Pods Frameworks */ = {
			isa = PBXShellScriptBuildPhase;
			buildActionMask = 2147483647;
			files = (
			);
			inputFileListPaths = (
				"${PODS_ROOT}/Target Support Files/Pods-MySmartWatch/Pods-MySmartWatch-frameworks-${CONFIGURATION}-input-files.xcfilelist",
			);
			name = "[CP] Embed Pods Frameworks";
			outputFileListPaths = (
				"${PODS_ROOT}/Target Support Files/Pods-MySmartWatch/Pods-MySmartWatch-frameworks-${CONFIGURATION}-output-files.xcfilelist",
			);
			runOnlyForDeploymentPostprocessing = 0;
			shellPath = /bin/sh;
			shellScript = "\"${PODS_ROOT}/Target Support Files/Pods-MySmartWatch/Pods-MySmartWatch-frameworks.sh\"\n";
			showEnvVarsInLog = 0;
		};
		488C5B1C595B7760F8EEA041 /* [CP] Check Pods Manifest.lock */ = {
			isa = PBXShellScriptBuildPhase;
			buildActionMask = 2147483647;
			files = (
			);
			inputFileListPaths = (
			);
			inputPaths = (
				"${PODS_PODFILE_DIR_PATH}/Podfile.lock",
				"${PODS_ROOT}/Manifest.lock",
			);
			name = "[CP] Check Pods Manifest.lock";
			outputFileListPaths = (
			);
			outputPaths = (
				"$(DERIVED_FILE_DIR)/Pods-MySmartWatchTests-checkManifestLockResult.txt",
			);
			runOnlyForDeploymentPostprocessing = 0;
			shellPath = /bin/sh;
			shellScript = "diff \"${PODS_PODFILE_DIR_PATH}/Podfile.lock\" \"${PODS_ROOT}/Manifest.lock\" > /dev/null\nif [ $? != 0 ] ; then\n    # print error to STDERR\n    echo \"error: The sandbox is not in sync with the Podfile.lock. Run 'pod install' or update your CocoaPods installation.\" >&2\n    exit 1\nfi\n# This output is used by Xcode 'outputs' to avoid re-running this script phase.\necho \"SUCCESS\" > \"${SCRIPT_OUTPUT_FILE_0}\"\n";
			showEnvVarsInLog = 0;
		};
		4B6C5A4D87E187CFAF5807ED /* [CP] Check Pods Manifest.lock */ = {
			isa = PBXShellScriptBuildPhase;
			buildActionMask = 2147483647;
			files = (
			);
			inputFileListPaths = (
			);
			inputPaths = (
				"${PODS_PODFILE_DIR_PATH}/Podfile.lock",
				"${PODS_ROOT}/Manifest.lock",
			);
			name = "[CP] Check Pods Manifest.lock";
			outputFileListPaths = (
			);
			outputPaths = (
				"$(DERIVED_FILE_DIR)/Pods-MySmartWatch-checkManifestLockResult.txt",
			);
			runOnlyForDeploymentPostprocessing = 0;
			shellPath = /bin/sh;
			shellScript = "diff \"${PODS_PODFILE_DIR_PATH}/Podfile.lock\" \"${PODS_ROOT}/Manifest.lock\" > /dev/null\nif [ $? != 0 ] ; then\n    # print error to STDERR\n    echo \"error: The sandbox is not in sync with the Podfile.lock. Run 'pod install' or update your CocoaPods installation.\" >&2\n    exit 1\nfi\n# This output is used by Xcode 'outputs' to avoid re-running this script phase.\necho \"SUCCESS\" > \"${SCRIPT_OUTPUT_FILE_0}\"\n";
			showEnvVarsInLog = 0;
		};
		9915EFDB40FB1806E73D08B5 /* [CP] Check Pods Manifest.lock */ = {
			isa = PBXShellScriptBuildPhase;
			buildActionMask = 2147483647;
			files = (
			);
			inputFileListPaths = (
			);
			inputPaths = (
				"${PODS_PODFILE_DIR_PATH}/Podfile.lock",
				"${PODS_ROOT}/Manifest.lock",
			);
			name = "[CP] Check Pods Manifest.lock";
			outputFileListPaths = (
			);
			outputPaths = (
				"$(DERIVED_FILE_DIR)/Pods-MySmartWatch-MySmartWatchUITests-checkManifestLockResult.txt",
			);
			runOnlyForDeploymentPostprocessing = 0;
			shellPath = /bin/sh;
			shellScript = "diff \"${PODS_PODFILE_DIR_PATH}/Podfile.lock\" \"${PODS_ROOT}/Manifest.lock\" > /dev/null\nif [ $? != 0 ] ; then\n    # print error to STDERR\n    echo \"error: The sandbox is not in sync with the Podfile.lock. Run 'pod install' or update your CocoaPods installation.\" >&2\n    exit 1\nfi\n# This output is used by Xcode 'outputs' to avoid re-running this script phase.\necho \"SUCCESS\" > \"${SCRIPT_OUTPUT_FILE_0}\"\n";
			showEnvVarsInLog = 0;
		};
/* End PBXShellScriptBuildPhase section */

/* Begin PBXSourcesBuildPhase section */
		54DDDFB827AA683E00AF7248 /* Sources */ = {
			isa = PBXSourcesBuildPhase;
			buildActionMask = 2147483647;
			files = (
				54DDDFF427AAA15B00AF7248 /* Constants.swift in Sources */,
				54DDDFF627AAA29900AF7248 /* BehaviorRelayExtension.swift in Sources */,
				54DDDFFC27AB1F5F00AF7248 /* PeripheralViewCell.swift in Sources */,
				54DDDFF927AB1E8600AF7248 /* HeartRatePeripheral.swift in Sources */,
				54DDDFFE27AB1F8E00AF7248 /* UIColor+HexValue.swift in Sources */,
				54DDE00527B3D04600AF7248 /* ScannerViewModel.swift in Sources */,
				54DDDFC427AA683E00AF7248 /* ViewController.swift in Sources */,
				54DDDFC027AA683E00AF7248 /* AppDelegate.swift in Sources */,
				54DDDFC227AA683E00AF7248 /* SceneDelegate.swift in Sources */,
				54DDDFF027AA8C8800AF7248 /* ScanViewController.swift in Sources */,
			);
			runOnlyForDeploymentPostprocessing = 0;
		};
		54DDDFCE27AA684200AF7248 /* Sources */ = {
			isa = PBXSourcesBuildPhase;
			buildActionMask = 2147483647;
			files = (
				54DDDFD727AA684200AF7248 /* MySmartWatchTests.swift in Sources */,
			);
			runOnlyForDeploymentPostprocessing = 0;
		};
		54DDDFD827AA684200AF7248 /* Sources */ = {
			isa = PBXSourcesBuildPhase;
			buildActionMask = 2147483647;
			files = (
				54DDDFE327AA684200AF7248 /* MySmartWatchUITestsLaunchTests.swift in Sources */,
				54DDDFE127AA684200AF7248 /* MySmartWatchUITests.swift in Sources */,
			);
			runOnlyForDeploymentPostprocessing = 0;
		};
/* End PBXSourcesBuildPhase section */

/* Begin PBXTargetDependency section */
		54DDDFD427AA684200AF7248 /* PBXTargetDependency */ = {
			isa = PBXTargetDependency;
			target = 54DDDFBB27AA683E00AF7248 /* MySmartWatch */;
			targetProxy = 54DDDFD327AA684200AF7248 /* PBXContainerItemProxy */;
		};
		54DDDFDE27AA684200AF7248 /* PBXTargetDependency */ = {
			isa = PBXTargetDependency;
			target = 54DDDFBB27AA683E00AF7248 /* MySmartWatch */;
			targetProxy = 54DDDFDD27AA684200AF7248 /* PBXContainerItemProxy */;
		};
/* End PBXTargetDependency section */

/* Begin PBXVariantGroup section */
		54DDDFC527AA683E00AF7248 /* Main.storyboard */ = {
			isa = PBXVariantGroup;
			children = (
				54DDDFC627AA683E00AF7248 /* Base */,
			);
			name = Main.storyboard;
			sourceTree = "<group>";
		};
		54DDDFCA27AA684200AF7248 /* LaunchScreen.storyboard */ = {
			isa = PBXVariantGroup;
			children = (
				54DDDFCB27AA684200AF7248 /* Base */,
			);
			name = LaunchScreen.storyboard;
			sourceTree = "<group>";
		};
/* End PBXVariantGroup section */

/* Begin XCBuildConfiguration section */
		54DDDFE427AA684200AF7248 /* Debug */ = {
			isa = XCBuildConfiguration;
			buildSettings = {
				ALWAYS_SEARCH_USER_PATHS = NO;
				CLANG_ANALYZER_NONNULL = YES;
				CLANG_ANALYZER_NUMBER_OBJECT_CONVERSION = YES_AGGRESSIVE;
				CLANG_CXX_LANGUAGE_STANDARD = "gnu++17";
				CLANG_CXX_LIBRARY = "libc++";
				CLANG_ENABLE_MODULES = YES;
				CLANG_ENABLE_OBJC_ARC = YES;
				CLANG_ENABLE_OBJC_WEAK = YES;
				CLANG_WARN_BLOCK_CAPTURE_AUTORELEASING = YES;
				CLANG_WARN_BOOL_CONVERSION = YES;
				CLANG_WARN_COMMA = YES;
				CLANG_WARN_CONSTANT_CONVERSION = YES;
				CLANG_WARN_DEPRECATED_OBJC_IMPLEMENTATIONS = YES;
				CLANG_WARN_DIRECT_OBJC_ISA_USAGE = YES_ERROR;
				CLANG_WARN_DOCUMENTATION_COMMENTS = YES;
				CLANG_WARN_EMPTY_BODY = YES;
				CLANG_WARN_ENUM_CONVERSION = YES;
				CLANG_WARN_INFINITE_RECURSION = YES;
				CLANG_WARN_INT_CONVERSION = YES;
				CLANG_WARN_NON_LITERAL_NULL_CONVERSION = YES;
				CLANG_WARN_OBJC_IMPLICIT_RETAIN_SELF = YES;
				CLANG_WARN_OBJC_LITERAL_CONVERSION = YES;
				CLANG_WARN_OBJC_ROOT_CLASS = YES_ERROR;
				CLANG_WARN_QUOTED_INCLUDE_IN_FRAMEWORK_HEADER = YES;
				CLANG_WARN_RANGE_LOOP_ANALYSIS = YES;
				CLANG_WARN_STRICT_PROTOTYPES = YES;
				CLANG_WARN_SUSPICIOUS_MOVE = YES;
				CLANG_WARN_UNGUARDED_AVAILABILITY = YES_AGGRESSIVE;
				CLANG_WARN_UNREACHABLE_CODE = YES;
				CLANG_WARN__DUPLICATE_METHOD_MATCH = YES;
				COPY_PHASE_STRIP = NO;
				DEBUG_INFORMATION_FORMAT = dwarf;
				ENABLE_STRICT_OBJC_MSGSEND = YES;
				ENABLE_TESTABILITY = YES;
				GCC_C_LANGUAGE_STANDARD = gnu11;
				GCC_DYNAMIC_NO_PIC = NO;
				GCC_NO_COMMON_BLOCKS = YES;
				GCC_OPTIMIZATION_LEVEL = 0;
				GCC_PREPROCESSOR_DEFINITIONS = (
					"DEBUG=1",
					"$(inherited)",
				);
				GCC_WARN_64_TO_32_BIT_CONVERSION = YES;
				GCC_WARN_ABOUT_RETURN_TYPE = YES_ERROR;
				GCC_WARN_UNDECLARED_SELECTOR = YES;
				GCC_WARN_UNINITIALIZED_AUTOS = YES_AGGRESSIVE;
				GCC_WARN_UNUSED_FUNCTION = YES;
				GCC_WARN_UNUSED_VARIABLE = YES;
				IPHONEOS_DEPLOYMENT_TARGET = 15.2;
				MTL_ENABLE_DEBUG_INFO = INCLUDE_SOURCE;
				MTL_FAST_MATH = YES;
				ONLY_ACTIVE_ARCH = YES;
				SDKROOT = iphoneos;
				SWIFT_ACTIVE_COMPILATION_CONDITIONS = DEBUG;
				SWIFT_OPTIMIZATION_LEVEL = "-Onone";
			};
			name = Debug;
		};
		54DDDFE527AA684200AF7248 /* Release */ = {
			isa = XCBuildConfiguration;
			buildSettings = {
				ALWAYS_SEARCH_USER_PATHS = NO;
				CLANG_ANALYZER_NONNULL = YES;
				CLANG_ANALYZER_NUMBER_OBJECT_CONVERSION = YES_AGGRESSIVE;
				CLANG_CXX_LANGUAGE_STANDARD = "gnu++17";
				CLANG_CXX_LIBRARY = "libc++";
				CLANG_ENABLE_MODULES = YES;
				CLANG_ENABLE_OBJC_ARC = YES;
				CLANG_ENABLE_OBJC_WEAK = YES;
				CLANG_WARN_BLOCK_CAPTURE_AUTORELEASING = YES;
				CLANG_WARN_BOOL_CONVERSION = YES;
				CLANG_WARN_COMMA = YES;
				CLANG_WARN_CONSTANT_CONVERSION = YES;
				CLANG_WARN_DEPRECATED_OBJC_IMPLEMENTATIONS = YES;
				CLANG_WARN_DIRECT_OBJC_ISA_USAGE = YES_ERROR;
				CLANG_WARN_DOCUMENTATION_COMMENTS = YES;
				CLANG_WARN_EMPTY_BODY = YES;
				CLANG_WARN_ENUM_CONVERSION = YES;
				CLANG_WARN_INFINITE_RECURSION = YES;
				CLANG_WARN_INT_CONVERSION = YES;
				CLANG_WARN_NON_LITERAL_NULL_CONVERSION = YES;
				CLANG_WARN_OBJC_IMPLICIT_RETAIN_SELF = YES;
				CLANG_WARN_OBJC_LITERAL_CONVERSION = YES;
				CLANG_WARN_OBJC_ROOT_CLASS = YES_ERROR;
				CLANG_WARN_QUOTED_INCLUDE_IN_FRAMEWORK_HEADER = YES;
				CLANG_WARN_RANGE_LOOP_ANALYSIS = YES;
				CLANG_WARN_STRICT_PROTOTYPES = YES;
				CLANG_WARN_SUSPICIOUS_MOVE = YES;
				CLANG_WARN_UNGUARDED_AVAILABILITY = YES_AGGRESSIVE;
				CLANG_WARN_UNREACHABLE_CODE = YES;
				CLANG_WARN__DUPLICATE_METHOD_MATCH = YES;
				COPY_PHASE_STRIP = NO;
				DEBUG_INFORMATION_FORMAT = "dwarf-with-dsym";
				ENABLE_NS_ASSERTIONS = NO;
				ENABLE_STRICT_OBJC_MSGSEND = YES;
				GCC_C_LANGUAGE_STANDARD = gnu11;
				GCC_NO_COMMON_BLOCKS = YES;
				GCC_WARN_64_TO_32_BIT_CONVERSION = YES;
				GCC_WARN_ABOUT_RETURN_TYPE = YES_ERROR;
				GCC_WARN_UNDECLARED_SELECTOR = YES;
				GCC_WARN_UNINITIALIZED_AUTOS = YES_AGGRESSIVE;
				GCC_WARN_UNUSED_FUNCTION = YES;
				GCC_WARN_UNUSED_VARIABLE = YES;
				IPHONEOS_DEPLOYMENT_TARGET = 15.2;
				MTL_ENABLE_DEBUG_INFO = NO;
				MTL_FAST_MATH = YES;
				SDKROOT = iphoneos;
				SWIFT_COMPILATION_MODE = wholemodule;
				SWIFT_OPTIMIZATION_LEVEL = "-O";
				VALIDATE_PRODUCT = YES;
			};
			name = Release;
		};
		54DDDFE727AA684200AF7248 /* Debug */ = {
			isa = XCBuildConfiguration;
			baseConfigurationReference = B6A0E3863C87AEAD071D62CB /* Pods-MySmartWatch.debug.xcconfig */;
			buildSettings = {
				ASSETCATALOG_COMPILER_APPICON_NAME = AppIcon;
				ASSETCATALOG_COMPILER_GLOBAL_ACCENT_COLOR_NAME = AccentColor;
				CODE_SIGN_STYLE = Automatic;
				CURRENT_PROJECT_VERSION = 1;
				DEVELOPMENT_TEAM = 5JWMWTC4PQ;
				GENERATE_INFOPLIST_FILE = YES;
				INFOPLIST_FILE = MySmartWatch/Info.plist;
				INFOPLIST_KEY_UIApplicationSupportsIndirectInputEvents = YES;
				INFOPLIST_KEY_UILaunchStoryboardName = LaunchScreen;
				INFOPLIST_KEY_UIMainStoryboardFile = Main;
				INFOPLIST_KEY_UISupportedInterfaceOrientations_iPad = "UIInterfaceOrientationPortrait UIInterfaceOrientationPortraitUpsideDown UIInterfaceOrientationLandscapeLeft UIInterfaceOrientationLandscapeRight";
				INFOPLIST_KEY_UISupportedInterfaceOrientations_iPhone = "UIInterfaceOrientationPortrait UIInterfaceOrientationLandscapeLeft UIInterfaceOrientationLandscapeRight";
				IPHONEOS_DEPLOYMENT_TARGET = 13.0;
				LD_RUNPATH_SEARCH_PATHS = (
					"$(inherited)",
					"@executable_path/Frameworks",
				);
				MARKETING_VERSION = 1.0;
				PRODUCT_BUNDLE_IDENTIFIER = com.yoktan.MySmartWatch;
				PRODUCT_NAME = "$(TARGET_NAME)";
				SWIFT_EMIT_LOC_STRINGS = YES;
				SWIFT_VERSION = 5.0;
				TARGETED_DEVICE_FAMILY = "1,2";
			};
			name = Debug;
		};
		54DDDFE827AA684200AF7248 /* Release */ = {
			isa = XCBuildConfiguration;
			baseConfigurationReference = 2165288A65516C7DB00C2D7D /* Pods-MySmartWatch.release.xcconfig */;
			buildSettings = {
				ASSETCATALOG_COMPILER_APPICON_NAME = AppIcon;
				ASSETCATALOG_COMPILER_GLOBAL_ACCENT_COLOR_NAME = AccentColor;
				CODE_SIGN_STYLE = Automatic;
				CURRENT_PROJECT_VERSION = 1;
				DEVELOPMENT_TEAM = 5JWMWTC4PQ;
				GENERATE_INFOPLIST_FILE = YES;
				INFOPLIST_FILE = MySmartWatch/Info.plist;
				INFOPLIST_KEY_UIApplicationSupportsIndirectInputEvents = YES;
				INFOPLIST_KEY_UILaunchStoryboardName = LaunchScreen;
				INFOPLIST_KEY_UIMainStoryboardFile = Main;
				INFOPLIST_KEY_UISupportedInterfaceOrientations_iPad = "UIInterfaceOrientationPortrait UIInterfaceOrientationPortraitUpsideDown UIInterfaceOrientationLandscapeLeft UIInterfaceOrientationLandscapeRight";
				INFOPLIST_KEY_UISupportedInterfaceOrientations_iPhone = "UIInterfaceOrientationPortrait UIInterfaceOrientationLandscapeLeft UIInterfaceOrientationLandscapeRight";
				IPHONEOS_DEPLOYMENT_TARGET = 13.0;
				LD_RUNPATH_SEARCH_PATHS = (
					"$(inherited)",
					"@executable_path/Frameworks",
				);
				MARKETING_VERSION = 1.0;
				PRODUCT_BUNDLE_IDENTIFIER = com.yoktan.MySmartWatch;
				PRODUCT_NAME = "$(TARGET_NAME)";
				SWIFT_EMIT_LOC_STRINGS = YES;
				SWIFT_VERSION = 5.0;
				TARGETED_DEVICE_FAMILY = "1,2";
			};
			name = Release;
		};
		54DDDFEA27AA684200AF7248 /* Debug */ = {
			isa = XCBuildConfiguration;
			baseConfigurationReference = 59F72B2846C76CD3814C648D /* Pods-MySmartWatchTests.debug.xcconfig */;
			buildSettings = {
				ALWAYS_EMBED_SWIFT_STANDARD_LIBRARIES = YES;
				BUNDLE_LOADER = "$(TEST_HOST)";
				CODE_SIGN_STYLE = Automatic;
				CURRENT_PROJECT_VERSION = 1;
				DEVELOPMENT_TEAM = 5JWMWTC4PQ;
				GENERATE_INFOPLIST_FILE = YES;
				IPHONEOS_DEPLOYMENT_TARGET = 15.2;
				MARKETING_VERSION = 1.0;
				PRODUCT_BUNDLE_IDENTIFIER = com.yoktan.MySmartWatchTests;
				PRODUCT_NAME = "$(TARGET_NAME)";
				SWIFT_EMIT_LOC_STRINGS = NO;
				SWIFT_VERSION = 5.0;
				TARGETED_DEVICE_FAMILY = "1,2";
				TEST_HOST = "$(BUILT_PRODUCTS_DIR)/MySmartWatch.app/MySmartWatch";
			};
			name = Debug;
		};
		54DDDFEB27AA684200AF7248 /* Release */ = {
			isa = XCBuildConfiguration;
			baseConfigurationReference = E32211FD4D3E86F42694715D /* Pods-MySmartWatchTests.release.xcconfig */;
			buildSettings = {
				ALWAYS_EMBED_SWIFT_STANDARD_LIBRARIES = YES;
				BUNDLE_LOADER = "$(TEST_HOST)";
				CODE_SIGN_STYLE = Automatic;
				CURRENT_PROJECT_VERSION = 1;
				DEVELOPMENT_TEAM = 5JWMWTC4PQ;
				GENERATE_INFOPLIST_FILE = YES;
				IPHONEOS_DEPLOYMENT_TARGET = 15.2;
				MARKETING_VERSION = 1.0;
				PRODUCT_BUNDLE_IDENTIFIER = com.yoktan.MySmartWatchTests;
				PRODUCT_NAME = "$(TARGET_NAME)";
				SWIFT_EMIT_LOC_STRINGS = NO;
				SWIFT_VERSION = 5.0;
				TARGETED_DEVICE_FAMILY = "1,2";
				TEST_HOST = "$(BUILT_PRODUCTS_DIR)/MySmartWatch.app/MySmartWatch";
			};
			name = Release;
		};
		54DDDFED27AA684200AF7248 /* Debug */ = {
			isa = XCBuildConfiguration;
			baseConfigurationReference = A72D5412BF3C1760F605C5D8 /* Pods-MySmartWatch-MySmartWatchUITests.debug.xcconfig */;
			buildSettings = {
				ALWAYS_EMBED_SWIFT_STANDARD_LIBRARIES = YES;
				CODE_SIGN_STYLE = Automatic;
				CURRENT_PROJECT_VERSION = 1;
				DEVELOPMENT_TEAM = 5JWMWTC4PQ;
				GENERATE_INFOPLIST_FILE = YES;
				MARKETING_VERSION = 1.0;
				PRODUCT_BUNDLE_IDENTIFIER = com.yoktan.MySmartWatchUITests;
				PRODUCT_NAME = "$(TARGET_NAME)";
				SWIFT_EMIT_LOC_STRINGS = NO;
				SWIFT_VERSION = 5.0;
				TARGETED_DEVICE_FAMILY = "1,2";
				TEST_TARGET_NAME = MySmartWatch;
			};
			name = Debug;
		};
		54DDDFEE27AA684200AF7248 /* Release */ = {
			isa = XCBuildConfiguration;
			baseConfigurationReference = C2D58A11BCD1C471FDBD2030 /* Pods-MySmartWatch-MySmartWatchUITests.release.xcconfig */;
			buildSettings = {
				ALWAYS_EMBED_SWIFT_STANDARD_LIBRARIES = YES;
				CODE_SIGN_STYLE = Automatic;
				CURRENT_PROJECT_VERSION = 1;
				DEVELOPMENT_TEAM = 5JWMWTC4PQ;
				GENERATE_INFOPLIST_FILE = YES;
				MARKETING_VERSION = 1.0;
				PRODUCT_BUNDLE_IDENTIFIER = com.yoktan.MySmartWatchUITests;
				PRODUCT_NAME = "$(TARGET_NAME)";
				SWIFT_EMIT_LOC_STRINGS = NO;
				SWIFT_VERSION = 5.0;
				TARGETED_DEVICE_FAMILY = "1,2";
				TEST_TARGET_NAME = MySmartWatch;
			};
			name = Release;
		};
/* End XCBuildConfiguration section */

/* Begin XCConfigurationList section */
		54DDDFB727AA683E00AF7248 /* Build configuration list for PBXProject "MySmartWatch" */ = {
			isa = XCConfigurationList;
			buildConfigurations = (
				54DDDFE427AA684200AF7248 /* Debug */,
				54DDDFE527AA684200AF7248 /* Release */,
			);
			defaultConfigurationIsVisible = 0;
			defaultConfigurationName = Release;
		};
		54DDDFE627AA684200AF7248 /* Build configuration list for PBXNativeTarget "MySmartWatch" */ = {
			isa = XCConfigurationList;
			buildConfigurations = (
				54DDDFE727AA684200AF7248 /* Debug */,
				54DDDFE827AA684200AF7248 /* Release */,
			);
			defaultConfigurationIsVisible = 0;
			defaultConfigurationName = Release;
		};
		54DDDFE927AA684200AF7248 /* Build configuration list for PBXNativeTarget "MySmartWatchTests" */ = {
			isa = XCConfigurationList;
			buildConfigurations = (
				54DDDFEA27AA684200AF7248 /* Debug */,
				54DDDFEB27AA684200AF7248 /* Release */,
			);
			defaultConfigurationIsVisible = 0;
			defaultConfigurationName = Release;
		};
		54DDDFEC27AA684200AF7248 /* Build configuration list for PBXNativeTarget "MySmartWatchUITests" */ = {
			isa = XCConfigurationList;
			buildConfigurations = (
				54DDDFED27AA684200AF7248 /* Debug */,
				54DDDFEE27AA684200AF7248 /* Release */,
			);
			defaultConfigurationIsVisible = 0;
			defaultConfigurationName = Release;
		};
/* End XCConfigurationList section */
	};
	rootObject = 54DDDFB427AA683E00AF7248 /* Project object */;
}
